
Microsoft Visual Studio Solution File, Format Version 11.00
# Visual Studio 2010
Project("{FAE04EC0-301F-11D3-BF4B-00C04F79EFBC}") = "FlitBit.ObjectIdentity", "FlitBit.ObjectIdentity\FlitBit.ObjectIdentity.csproj", "{EEEE0F27-0C8A-45EA-95E4-23A7BE669BD5}"
EndProject
Project("{FAE04EC0-301F-11D3-BF4B-00C04F79EFBC}") = "FlitBit.ObjectIdentity.Tests", "FlitBit.ObjectIdentity\FlitBit.ObjectIdentity.Tests\FlitBit.ObjectIdentity.Tests.csproj", "{69BF96C9-DA66-4E76-9A67-AF571AA9A40D}"
EndProject
Project("{2150E333-8FDC-42A3-9474-1A3956D46DE8}") = "Solution Items", "Solution Items", "{CA1F5352-73DB-431E-997A-E8B8E030A78F}"
	ProjectSection(SolutionItems) = preProject
		FlitBit.ObjectIdentity.vsmdi = FlitBit.ObjectIdentity.vsmdi
		Local.testsettings = Local.testsettings
		TraceAndTestImpact.testsettings = TraceAndTestImpact.testsettings
	EndProjectSection
EndProject
Project("{2150E333-8FDC-42A3-9474-1A3956D46DE8}") = ".nuget", ".nuget", "{4347FDFA-D622-47C0-962A-DE0382107EC7}"
	ProjectSection(SolutionItems) = preProject
		.nuget\NuGet.Config = .nuget\NuGet.Config
		.nuget\NuGet.exe = .nuget\NuGet.exe
		.nuget\NuGet.targets = .nuget\NuGet.targets
	EndProjectSection
EndProject
Global
	GlobalSection(TestCaseManagementSettings) = postSolution
		CategoryFile = FlitBit.ObjectIdentity.vsmdi
	EndGlobalSection
	GlobalSection(SolutionConfigurationPlatforms) = preSolution
		Debug|Any CPU = Debug|Any CPU
		Release|Any CPU = Release|Any CPU
	EndGlobalSection
	GlobalSection(ProjectConfigurationPlatforms) = postSolution
		{EEEE0F27-0C8A-45EA-95E4-23A7BE669BD5}.Debug|Any CPU.ActiveCfg = Debug|Any CPU
		{EEEE0F27-0C8A-45EA-95E4-23A7BE669BD5}.Debug|Any CPU.Build.0 = Debug|Any CPU
		{EEEE0F27-0C8A-45EA-95E4-23A7BE669BD5}.Release|Any CPU.ActiveCfg = Release|Any CPU
		{EEEE0F27-0C8A-45EA-95E4-23A7BE669BD5}.Release|Any CPU.Build.0 = Release|Any CPU
		{69BF96C9-DA66-4E76-9A67-AF571AA9A40D}.Debug|Any CPU.ActiveCfg = Debug|Any CPU
		{69BF96C9-DA66-4E76-9A67-AF571AA9A40D}.Debug|Any CPU.Build.0 = Debug|Any CPU
		{69BF96C9-DA66-4E76-9A67-AF571AA9A40D}.Release|Any CPU.ActiveCfg = Release|Any CPU
		{69BF96C9-DA66-4E76-9A67-AF571AA9A40D}.Release|Any CPU.Build.0 = Release|Any CPU
	EndGlobalSection
	GlobalSection(SolutionProperties) = preSolution
		HideSolutionNode = FALSE
	EndGlobalSection
EndGlobal
